
Microsoft Visual Studio Solution File, Format Version 12.00
# Visual Studio Version 16
VisualStudioVersion = 16.0.29503.13
MinimumVisualStudioVersion = 10.0.40219.1
Project("{FAE04EC0-301F-11D3-BF4B-00C04F79EFBC}") = "LINQ3", "LINQ3.csproj", "{09030A17-F255-4D37-BEC6-22FCAD9AE71C}"
EndProject
Global
	GlobalSection(SolutionConfigurationPlatforms) = preSolution
		Debug|Any CPU = Debug|Any CPU
		Release|Any CPU = Release|Any CPU
	EndGlobalSection
	GlobalSection(ProjectConfigurationPlatforms) = postSolution
		{09030A17-F255-4D37-BEC6-22FCAD9AE71C}.Debug|Any CPU.ActiveCfg = Debug|Any CPU
		{09030A17-F255-4D37-BEC6-22FCAD9AE71C}.Debug|Any CPU.Build.0 = Debug|Any CPU
		{09030A17-F255-4D37-BEC6-22FCAD9AE71C}.Release|Any CPU.ActiveCfg = Release|Any CPU
		{09030A17-F255-4D37-BEC6-22FCAD9AE71C}.Release|Any CPU.Build.0 = Release|Any CPU
	EndGlobalSection
	GlobalSection(SolutionProperties) = preSolution
		HideSolutionNode = FALSE
	EndGlobalSection
	GlobalSection(ExtensibilityGlobals) = postSolution
		SolutionGuid = {89A8EA52-6D2B-451C-942D-584E6BC3F794}
	EndGlobalSection
EndGlobal
