
Microsoft Visual Studio Solution File, Format Version 12.00
# Visual Studio Version 16
VisualStudioVersion = 16.0.29503.13
MinimumVisualStudioVersion = 10.0.40219.1
Project("{FAE04EC0-301F-11D3-BF4B-00C04F79EFBC}") = "params", "params.csproj", "{4D7AAD6F-35B3-4655-8A44-C8F31F5BB12A}"
EndProject
Global
	GlobalSection(SolutionConfigurationPlatforms) = preSolution
		Debug|Any CPU = Debug|Any CPU
		Release|Any CPU = Release|Any CPU
	EndGlobalSection
	GlobalSection(ProjectConfigurationPlatforms) = postSolution
		{4D7AAD6F-35B3-4655-8A44-C8F31F5BB12A}.Debug|Any CPU.ActiveCfg = Debug|Any CPU
		{4D7AAD6F-35B3-4655-8A44-C8F31F5BB12A}.Debug|Any CPU.Build.0 = Debug|Any CPU
		{4D7AAD6F-35B3-4655-8A44-C8F31F5BB12A}.Release|Any CPU.ActiveCfg = Release|Any CPU
		{4D7AAD6F-35B3-4655-8A44-C8F31F5BB12A}.Release|Any CPU.Build.0 = Release|Any CPU
	EndGlobalSection
	GlobalSection(SolutionProperties) = preSolution
		HideSolutionNode = FALSE
	EndGlobalSection
	GlobalSection(ExtensibilityGlobals) = postSolution
		SolutionGuid = {A430466E-6425-4100-B4F9-0AE3457B9BE7}
	EndGlobalSection
EndGlobal
