
Microsoft Visual Studio Solution File, Format Version 12.00
# Visual Studio Version 16
VisualStudioVersion = 16.0.29503.13
MinimumVisualStudioVersion = 10.0.40219.1
Project("{FAE04EC0-301F-11D3-BF4B-00C04F79EFBC}") = "Stack2", "Stack2.csproj", "{C08982E3-9B8F-4A39-885B-6E319F192DDB}"
EndProject
Global
	GlobalSection(SolutionConfigurationPlatforms) = preSolution
		Debug|Any CPU = Debug|Any CPU
		Release|Any CPU = Release|Any CPU
	EndGlobalSection
	GlobalSection(ProjectConfigurationPlatforms) = postSolution
		{C08982E3-9B8F-4A39-885B-6E319F192DDB}.Debug|Any CPU.ActiveCfg = Debug|Any CPU
		{C08982E3-9B8F-4A39-885B-6E319F192DDB}.Debug|Any CPU.Build.0 = Debug|Any CPU
		{C08982E3-9B8F-4A39-885B-6E319F192DDB}.Release|Any CPU.ActiveCfg = Release|Any CPU
		{C08982E3-9B8F-4A39-885B-6E319F192DDB}.Release|Any CPU.Build.0 = Release|Any CPU
	EndGlobalSection
	GlobalSection(SolutionProperties) = preSolution
		HideSolutionNode = FALSE
	EndGlobalSection
	GlobalSection(ExtensibilityGlobals) = postSolution
		SolutionGuid = {8FC6B990-CCAD-4320-8C72-7A9BED42D3BD}
	EndGlobalSection
EndGlobal
