
Microsoft Visual Studio Solution File, Format Version 12.00
# Visual Studio Version 16
VisualStudioVersion = 16.0.29503.13
MinimumVisualStudioVersion = 10.0.40219.1
Project("{FAE04EC0-301F-11D3-BF4B-00C04F79EFBC}") = "Function1", "Function1.csproj", "{81BD4322-82EA-41C7-982A-32954DEA4694}"
EndProject
Global
	GlobalSection(SolutionConfigurationPlatforms) = preSolution
		Debug|Any CPU = Debug|Any CPU
		Release|Any CPU = Release|Any CPU
	EndGlobalSection
	GlobalSection(ProjectConfigurationPlatforms) = postSolution
		{81BD4322-82EA-41C7-982A-32954DEA4694}.Debug|Any CPU.ActiveCfg = Debug|Any CPU
		{81BD4322-82EA-41C7-982A-32954DEA4694}.Debug|Any CPU.Build.0 = Debug|Any CPU
		{81BD4322-82EA-41C7-982A-32954DEA4694}.Release|Any CPU.ActiveCfg = Release|Any CPU
		{81BD4322-82EA-41C7-982A-32954DEA4694}.Release|Any CPU.Build.0 = Release|Any CPU
	EndGlobalSection
	GlobalSection(SolutionProperties) = preSolution
		HideSolutionNode = FALSE
	EndGlobalSection
	GlobalSection(ExtensibilityGlobals) = postSolution
		SolutionGuid = {D15EDEDE-2E52-4623-AE41-A330FA0851A0}
	EndGlobalSection
EndGlobal
