
Microsoft Visual Studio Solution File, Format Version 12.00
# Visual Studio Version 16
VisualStudioVersion = 16.0.29503.13
MinimumVisualStudioVersion = 10.0.40219.1
Project("{FAE04EC0-301F-11D3-BF4B-00C04F79EFBC}") = "HashSet1", "HashSet1.csproj", "{1DC2F3D8-6C87-42C9-B9B1-15A27B7ED83E}"
EndProject
Global
	GlobalSection(SolutionConfigurationPlatforms) = preSolution
		Debug|Any CPU = Debug|Any CPU
		Release|Any CPU = Release|Any CPU
	EndGlobalSection
	GlobalSection(ProjectConfigurationPlatforms) = postSolution
		{1DC2F3D8-6C87-42C9-B9B1-15A27B7ED83E}.Debug|Any CPU.ActiveCfg = Debug|Any CPU
		{1DC2F3D8-6C87-42C9-B9B1-15A27B7ED83E}.Debug|Any CPU.Build.0 = Debug|Any CPU
		{1DC2F3D8-6C87-42C9-B9B1-15A27B7ED83E}.Release|Any CPU.ActiveCfg = Release|Any CPU
		{1DC2F3D8-6C87-42C9-B9B1-15A27B7ED83E}.Release|Any CPU.Build.0 = Release|Any CPU
	EndGlobalSection
	GlobalSection(SolutionProperties) = preSolution
		HideSolutionNode = FALSE
	EndGlobalSection
	GlobalSection(ExtensibilityGlobals) = postSolution
		SolutionGuid = {1CB36B7E-C5D8-424C-BE08-3BD690FA8D99}
	EndGlobalSection
EndGlobal
