
Microsoft Visual Studio Solution File, Format Version 12.00
# Visual Studio Version 16
VisualStudioVersion = 16.0.29503.13
MinimumVisualStudioVersion = 10.0.40219.1
Project("{FAE04EC0-301F-11D3-BF4B-00C04F79EFBC}") = "Ienumerator1", "Ienumerator1.csproj", "{A852462C-FD90-4E2A-B6E4-00E3BB8B6B4C}"
EndProject
Global
	GlobalSection(SolutionConfigurationPlatforms) = preSolution
		Debug|Any CPU = Debug|Any CPU
		Release|Any CPU = Release|Any CPU
	EndGlobalSection
	GlobalSection(ProjectConfigurationPlatforms) = postSolution
		{A852462C-FD90-4E2A-B6E4-00E3BB8B6B4C}.Debug|Any CPU.ActiveCfg = Debug|Any CPU
		{A852462C-FD90-4E2A-B6E4-00E3BB8B6B4C}.Debug|Any CPU.Build.0 = Debug|Any CPU
		{A852462C-FD90-4E2A-B6E4-00E3BB8B6B4C}.Release|Any CPU.ActiveCfg = Release|Any CPU
		{A852462C-FD90-4E2A-B6E4-00E3BB8B6B4C}.Release|Any CPU.Build.0 = Release|Any CPU
	EndGlobalSection
	GlobalSection(SolutionProperties) = preSolution
		HideSolutionNode = FALSE
	EndGlobalSection
	GlobalSection(ExtensibilityGlobals) = postSolution
		SolutionGuid = {96769FF0-701D-4DD7-80C0-AD4B6F2346EC}
	EndGlobalSection
EndGlobal
