
Microsoft Visual Studio Solution File, Format Version 12.00
# Visual Studio Version 16
VisualStudioVersion = 16.0.29503.13
MinimumVisualStudioVersion = 10.0.40219.1
Project("{FAE04EC0-301F-11D3-BF4B-00C04F79EFBC}") = "String5", "String5.csproj", "{A25CE98B-0F49-4ECF-9C65-BEA7667AF941}"
EndProject
Global
	GlobalSection(SolutionConfigurationPlatforms) = preSolution
		Debug|Any CPU = Debug|Any CPU
		Release|Any CPU = Release|Any CPU
	EndGlobalSection
	GlobalSection(ProjectConfigurationPlatforms) = postSolution
		{A25CE98B-0F49-4ECF-9C65-BEA7667AF941}.Debug|Any CPU.ActiveCfg = Debug|Any CPU
		{A25CE98B-0F49-4ECF-9C65-BEA7667AF941}.Debug|Any CPU.Build.0 = Debug|Any CPU
		{A25CE98B-0F49-4ECF-9C65-BEA7667AF941}.Release|Any CPU.ActiveCfg = Release|Any CPU
		{A25CE98B-0F49-4ECF-9C65-BEA7667AF941}.Release|Any CPU.Build.0 = Release|Any CPU
	EndGlobalSection
	GlobalSection(SolutionProperties) = preSolution
		HideSolutionNode = FALSE
	EndGlobalSection
	GlobalSection(ExtensibilityGlobals) = postSolution
		SolutionGuid = {85331790-6374-4322-B881-C730F506476D}
	EndGlobalSection
EndGlobal
