
Microsoft Visual Studio Solution File, Format Version 12.00
# Visual Studio Version 16
VisualStudioVersion = 16.0.29503.13
MinimumVisualStudioVersion = 10.0.40219.1
Project("{FAE04EC0-301F-11D3-BF4B-00C04F79EFBC}") = "Stack5", "Stack5.csproj", "{911583E6-0F7A-4A36-947D-3516803EF1AF}"
EndProject
Global
	GlobalSection(SolutionConfigurationPlatforms) = preSolution
		Debug|Any CPU = Debug|Any CPU
		Release|Any CPU = Release|Any CPU
	EndGlobalSection
	GlobalSection(ProjectConfigurationPlatforms) = postSolution
		{911583E6-0F7A-4A36-947D-3516803EF1AF}.Debug|Any CPU.ActiveCfg = Debug|Any CPU
		{911583E6-0F7A-4A36-947D-3516803EF1AF}.Debug|Any CPU.Build.0 = Debug|Any CPU
		{911583E6-0F7A-4A36-947D-3516803EF1AF}.Release|Any CPU.ActiveCfg = Release|Any CPU
		{911583E6-0F7A-4A36-947D-3516803EF1AF}.Release|Any CPU.Build.0 = Release|Any CPU
	EndGlobalSection
	GlobalSection(SolutionProperties) = preSolution
		HideSolutionNode = FALSE
	EndGlobalSection
	GlobalSection(ExtensibilityGlobals) = postSolution
		SolutionGuid = {90612E82-38A7-45CA-B233-7FA856F01960}
	EndGlobalSection
EndGlobal
