
Microsoft Visual Studio Solution File, Format Version 12.00
# Visual Studio Version 16
VisualStudioVersion = 16.0.29503.13
MinimumVisualStudioVersion = 10.0.40219.1
Project("{FAE04EC0-301F-11D3-BF4B-00C04F79EFBC}") = "String2", "String2.csproj", "{13862A0D-5CA6-4CBB-979D-6BAED9486497}"
EndProject
Global
	GlobalSection(SolutionConfigurationPlatforms) = preSolution
		Debug|Any CPU = Debug|Any CPU
		Release|Any CPU = Release|Any CPU
	EndGlobalSection
	GlobalSection(ProjectConfigurationPlatforms) = postSolution
		{13862A0D-5CA6-4CBB-979D-6BAED9486497}.Debug|Any CPU.ActiveCfg = Debug|Any CPU
		{13862A0D-5CA6-4CBB-979D-6BAED9486497}.Debug|Any CPU.Build.0 = Debug|Any CPU
		{13862A0D-5CA6-4CBB-979D-6BAED9486497}.Release|Any CPU.ActiveCfg = Release|Any CPU
		{13862A0D-5CA6-4CBB-979D-6BAED9486497}.Release|Any CPU.Build.0 = Release|Any CPU
	EndGlobalSection
	GlobalSection(SolutionProperties) = preSolution
		HideSolutionNode = FALSE
	EndGlobalSection
	GlobalSection(ExtensibilityGlobals) = postSolution
		SolutionGuid = {E51B21BD-C925-4AFA-902D-9ABA311C4D4B}
	EndGlobalSection
EndGlobal
