
Microsoft Visual Studio Solution File, Format Version 12.00
# Visual Studio Version 16
VisualStudioVersion = 16.0.29503.13
MinimumVisualStudioVersion = 10.0.40219.1
Project("{FAE04EC0-301F-11D3-BF4B-00C04F79EFBC}") = "LINQ1", "LINQ1.csproj", "{194B23E1-D715-43DA-9A19-0D3A138DFD4D}"
EndProject
Global
	GlobalSection(SolutionConfigurationPlatforms) = preSolution
		Debug|Any CPU = Debug|Any CPU
		Release|Any CPU = Release|Any CPU
	EndGlobalSection
	GlobalSection(ProjectConfigurationPlatforms) = postSolution
		{194B23E1-D715-43DA-9A19-0D3A138DFD4D}.Debug|Any CPU.ActiveCfg = Debug|Any CPU
		{194B23E1-D715-43DA-9A19-0D3A138DFD4D}.Debug|Any CPU.Build.0 = Debug|Any CPU
		{194B23E1-D715-43DA-9A19-0D3A138DFD4D}.Release|Any CPU.ActiveCfg = Release|Any CPU
		{194B23E1-D715-43DA-9A19-0D3A138DFD4D}.Release|Any CPU.Build.0 = Release|Any CPU
	EndGlobalSection
	GlobalSection(SolutionProperties) = preSolution
		HideSolutionNode = FALSE
	EndGlobalSection
	GlobalSection(ExtensibilityGlobals) = postSolution
		SolutionGuid = {9A86EC4A-F93B-4105-93A7-E1CBB76287EF}
	EndGlobalSection
EndGlobal
