
Microsoft Visual Studio Solution File, Format Version 12.00
# Visual Studio Version 16
VisualStudioVersion = 16.0.29503.13
MinimumVisualStudioVersion = 10.0.40219.1
Project("{FAE04EC0-301F-11D3-BF4B-00C04F79EFBC}") = "InheritanceProject", "InheritanceProject.csproj", "{FB97F546-1A86-42BF-BDF9-976B97E8CD3C}"
EndProject
Global
	GlobalSection(SolutionConfigurationPlatforms) = preSolution
		Debug|Any CPU = Debug|Any CPU
		Release|Any CPU = Release|Any CPU
	EndGlobalSection
	GlobalSection(ProjectConfigurationPlatforms) = postSolution
		{FB97F546-1A86-42BF-BDF9-976B97E8CD3C}.Debug|Any CPU.ActiveCfg = Debug|Any CPU
		{FB97F546-1A86-42BF-BDF9-976B97E8CD3C}.Debug|Any CPU.Build.0 = Debug|Any CPU
		{FB97F546-1A86-42BF-BDF9-976B97E8CD3C}.Release|Any CPU.ActiveCfg = Release|Any CPU
		{FB97F546-1A86-42BF-BDF9-976B97E8CD3C}.Release|Any CPU.Build.0 = Release|Any CPU
	EndGlobalSection
	GlobalSection(SolutionProperties) = preSolution
		HideSolutionNode = FALSE
	EndGlobalSection
	GlobalSection(ExtensibilityGlobals) = postSolution
		SolutionGuid = {2318AA4E-CACC-41D2-AD59-E69834E6E187}
	EndGlobalSection
EndGlobal
