
Microsoft Visual Studio Solution File, Format Version 12.00
# Visual Studio Version 16
VisualStudioVersion = 16.0.29503.13
MinimumVisualStudioVersion = 10.0.40219.1
Project("{FAE04EC0-301F-11D3-BF4B-00C04F79EFBC}") = "LinkedList", "LinkedList.csproj", "{C072349E-975E-4FD3-8FBE-41E5675BD732}"
EndProject
Global
	GlobalSection(SolutionConfigurationPlatforms) = preSolution
		Debug|Any CPU = Debug|Any CPU
		Release|Any CPU = Release|Any CPU
	EndGlobalSection
	GlobalSection(ProjectConfigurationPlatforms) = postSolution
		{C072349E-975E-4FD3-8FBE-41E5675BD732}.Debug|Any CPU.ActiveCfg = Debug|Any CPU
		{C072349E-975E-4FD3-8FBE-41E5675BD732}.Debug|Any CPU.Build.0 = Debug|Any CPU
		{C072349E-975E-4FD3-8FBE-41E5675BD732}.Release|Any CPU.ActiveCfg = Release|Any CPU
		{C072349E-975E-4FD3-8FBE-41E5675BD732}.Release|Any CPU.Build.0 = Release|Any CPU
	EndGlobalSection
	GlobalSection(SolutionProperties) = preSolution
		HideSolutionNode = FALSE
	EndGlobalSection
	GlobalSection(ExtensibilityGlobals) = postSolution
		SolutionGuid = {33BEB4FB-C71C-47D3-A1CD-A74F1DDF4C8A}
	EndGlobalSection
EndGlobal
