
Microsoft Visual Studio Solution File, Format Version 12.00
# Visual Studio Version 16
VisualStudioVersion = 16.0.29503.13
MinimumVisualStudioVersion = 10.0.40219.1
Project("{FAE04EC0-301F-11D3-BF4B-00C04F79EFBC}") = "Static", "Static.csproj", "{11119E7C-786F-43E1-8980-5861EEDD24BC}"
EndProject
Global
	GlobalSection(SolutionConfigurationPlatforms) = preSolution
		Debug|Any CPU = Debug|Any CPU
		Release|Any CPU = Release|Any CPU
	EndGlobalSection
	GlobalSection(ProjectConfigurationPlatforms) = postSolution
		{11119E7C-786F-43E1-8980-5861EEDD24BC}.Debug|Any CPU.ActiveCfg = Debug|Any CPU
		{11119E7C-786F-43E1-8980-5861EEDD24BC}.Debug|Any CPU.Build.0 = Debug|Any CPU
		{11119E7C-786F-43E1-8980-5861EEDD24BC}.Release|Any CPU.ActiveCfg = Release|Any CPU
		{11119E7C-786F-43E1-8980-5861EEDD24BC}.Release|Any CPU.Build.0 = Release|Any CPU
	EndGlobalSection
	GlobalSection(SolutionProperties) = preSolution
		HideSolutionNode = FALSE
	EndGlobalSection
	GlobalSection(ExtensibilityGlobals) = postSolution
		SolutionGuid = {98DDB7DF-799C-44D1-B911-2822A73FC32A}
	EndGlobalSection
EndGlobal
