
Microsoft Visual Studio Solution File, Format Version 12.00
# Visual Studio Version 16
VisualStudioVersion = 16.0.29503.13
MinimumVisualStudioVersion = 10.0.40219.1
Project("{FAE04EC0-301F-11D3-BF4B-00C04F79EFBC}") = "String9", "String9.csproj", "{A20F387F-82DF-43E3-B2AD-9811CC65502A}"
EndProject
Global
	GlobalSection(SolutionConfigurationPlatforms) = preSolution
		Debug|Any CPU = Debug|Any CPU
		Release|Any CPU = Release|Any CPU
	EndGlobalSection
	GlobalSection(ProjectConfigurationPlatforms) = postSolution
		{A20F387F-82DF-43E3-B2AD-9811CC65502A}.Debug|Any CPU.ActiveCfg = Debug|Any CPU
		{A20F387F-82DF-43E3-B2AD-9811CC65502A}.Debug|Any CPU.Build.0 = Debug|Any CPU
		{A20F387F-82DF-43E3-B2AD-9811CC65502A}.Release|Any CPU.ActiveCfg = Release|Any CPU
		{A20F387F-82DF-43E3-B2AD-9811CC65502A}.Release|Any CPU.Build.0 = Release|Any CPU
	EndGlobalSection
	GlobalSection(SolutionProperties) = preSolution
		HideSolutionNode = FALSE
	EndGlobalSection
	GlobalSection(ExtensibilityGlobals) = postSolution
		SolutionGuid = {D481CCCC-50B4-49F8-BB2B-D25ED898A85B}
	EndGlobalSection
EndGlobal
