
Microsoft Visual Studio Solution File, Format Version 12.00
# Visual Studio Version 16
VisualStudioVersion = 16.0.29503.13
MinimumVisualStudioVersion = 10.0.40219.1
Project("{FAE04EC0-301F-11D3-BF4B-00C04F79EFBC}") = "TryCatch", "TryCatch.csproj", "{026008DF-B0CE-419F-B99D-C9C621EF06D2}"
EndProject
Global
	GlobalSection(SolutionConfigurationPlatforms) = preSolution
		Debug|Any CPU = Debug|Any CPU
		Release|Any CPU = Release|Any CPU
	EndGlobalSection
	GlobalSection(ProjectConfigurationPlatforms) = postSolution
		{026008DF-B0CE-419F-B99D-C9C621EF06D2}.Debug|Any CPU.ActiveCfg = Debug|Any CPU
		{026008DF-B0CE-419F-B99D-C9C621EF06D2}.Debug|Any CPU.Build.0 = Debug|Any CPU
		{026008DF-B0CE-419F-B99D-C9C621EF06D2}.Release|Any CPU.ActiveCfg = Release|Any CPU
		{026008DF-B0CE-419F-B99D-C9C621EF06D2}.Release|Any CPU.Build.0 = Release|Any CPU
	EndGlobalSection
	GlobalSection(SolutionProperties) = preSolution
		HideSolutionNode = FALSE
	EndGlobalSection
	GlobalSection(ExtensibilityGlobals) = postSolution
		SolutionGuid = {6A0FD623-8B1E-449A-901E-8B040A053924}
	EndGlobalSection
EndGlobal
